
Microsoft Visual Studio Solution File, Format Version 12.00
# Visual Studio Version 16
VisualStudioVersion = 16.0.31129.286
MinimumVisualStudioVersion = 10.0.40219.1
Project("{FAE04EC0-301F-11D3-BF4B-00C04F79EFBC}") = "2 work", "2 work\2 work.csproj", "{3B202A8D-A4E6-4D16-8023-7B045F3668F7}"
EndProject
Global
	GlobalSection(SolutionConfigurationPlatforms) = preSolution
		Debug|Any CPU = Debug|Any CPU
		Release|Any CPU = Release|Any CPU
	EndGlobalSection
	GlobalSection(ProjectConfigurationPlatforms) = postSolution
		{3B202A8D-A4E6-4D16-8023-7B045F3668F7}.Debug|Any CPU.ActiveCfg = Debug|Any CPU
		{3B202A8D-A4E6-4D16-8023-7B045F3668F7}.Debug|Any CPU.Build.0 = Debug|Any CPU
		{3B202A8D-A4E6-4D16-8023-7B045F3668F7}.Release|Any CPU.ActiveCfg = Release|Any CPU
		{3B202A8D-A4E6-4D16-8023-7B045F3668F7}.Release|Any CPU.Build.0 = Release|Any CPU
	EndGlobalSection
	GlobalSection(SolutionProperties) = preSolution
		HideSolutionNode = FALSE
	EndGlobalSection
	GlobalSection(ExtensibilityGlobals) = postSolution
		SolutionGuid = {B2D8E458-EE70-4F6F-A0D1-5F56EDC64FB7}
	EndGlobalSection
EndGlobal
